
Microsoft Visual Studio Solution File, Format Version 12.00
# Visual Studio Version 17
VisualStudioVersion = 17.0.32002.185
MinimumVisualStudioVersion = 10.0.40219.1
Project("{9A19103F-16F7-4668-BE54-9A1E7A4F7556}") = "CourseApp", "CourseApp\CourseApp.csproj", "{906CF4FC-1461-4D74-99E3-04AD667FA19C}"
EndProject
Project("{2150E333-8FDC-42A3-9474-1A3956D46DE8}") = "Solution Items", "Solution Items", "{EA9D0DC1-63B5-4C74-9D9E-80480F5D541A}"
	ProjectSection(SolutionItems) = preProject
		.editorconfig = .editorconfig
	EndProjectSection
EndProject
Global
	GlobalSection(SolutionConfigurationPlatforms) = preSolution
		Debug|Any CPU = Debug|Any CPU
		Release|Any CPU = Release|Any CPU
	EndGlobalSection
	GlobalSection(ProjectConfigurationPlatforms) = postSolution
		{906CF4FC-1461-4D74-99E3-04AD667FA19C}.Debug|Any CPU.ActiveCfg = Debug|Any CPU
		{906CF4FC-1461-4D74-99E3-04AD667FA19C}.Debug|Any CPU.Build.0 = Debug|Any CPU
		{906CF4FC-1461-4D74-99E3-04AD667FA19C}.Release|Any CPU.ActiveCfg = Release|Any CPU
		{906CF4FC-1461-4D74-99E3-04AD667FA19C}.Release|Any CPU.Build.0 = Release|Any CPU
	EndGlobalSection
	GlobalSection(SolutionProperties) = preSolution
		HideSolutionNode = FALSE
	EndGlobalSection
	GlobalSection(ExtensibilityGlobals) = postSolution
		SolutionGuid = {DD2A30AC-E25C-4514-BF30-8AC12D35A0AB}
	EndGlobalSection
EndGlobal
